
Microsoft Visual Studio Solution File, Format Version 12.00
Project("{FAE04EC0-301F-11D3-BF4B-00C04F79EFBC}") = "WasteEventLib", "WasteEventLib\WasteEventLib.csproj", "{E9CA9F2A-85EF-427E-A791-D4566528DFF9}"
EndProject
Project("{FAE04EC0-301F-11D3-BF4B-00C04F79EFBC}") = "WasteEventApi", "WasteEventApi\WasteEventApi.csproj", "{C0920AF0-BFC9-423C-9F12-9B23A7324F94}"
EndProject
Global
	GlobalSection(SolutionConfigurationPlatforms) = preSolution
		Debug|Any CPU = Debug|Any CPU
		Debug|x64 = Debug|x64
		Debug|x86 = Debug|x86
		Release|Any CPU = Release|Any CPU
		Release|x64 = Release|x64
		Release|x86 = Release|x86
	EndGlobalSection
	GlobalSection(ProjectConfigurationPlatforms) = postSolution
		{E9CA9F2A-85EF-427E-A791-D4566528DFF9}.Debug|Any CPU.ActiveCfg = Debug|Any CPU
		{E9CA9F2A-85EF-427E-A791-D4566528DFF9}.Debug|Any CPU.Build.0 = Debug|Any CPU
		{E9CA9F2A-85EF-427E-A791-D4566528DFF9}.Debug|x64.ActiveCfg = Debug|Any CPU
		{E9CA9F2A-85EF-427E-A791-D4566528DFF9}.Debug|x64.Build.0 = Debug|Any CPU
		{E9CA9F2A-85EF-427E-A791-D4566528DFF9}.Debug|x86.ActiveCfg = Debug|Any CPU
		{E9CA9F2A-85EF-427E-A791-D4566528DFF9}.Debug|x86.Build.0 = Debug|Any CPU
		{E9CA9F2A-85EF-427E-A791-D4566528DFF9}.Release|Any CPU.ActiveCfg = Release|Any CPU
		{E9CA9F2A-85EF-427E-A791-D4566528DFF9}.Release|Any CPU.Build.0 = Release|Any CPU
		{E9CA9F2A-85EF-427E-A791-D4566528DFF9}.Release|x64.ActiveCfg = Release|Any CPU
		{E9CA9F2A-85EF-427E-A791-D4566528DFF9}.Release|x64.Build.0 = Release|Any CPU
		{E9CA9F2A-85EF-427E-A791-D4566528DFF9}.Release|x86.ActiveCfg = Release|Any CPU
		{E9CA9F2A-85EF-427E-A791-D4566528DFF9}.Release|x86.Build.0 = Release|Any CPU
		{C0920AF0-BFC9-423C-9F12-9B23A7324F94}.Debug|Any CPU.ActiveCfg = Debug|Any CPU
		{C0920AF0-BFC9-423C-9F12-9B23A7324F94}.Debug|Any CPU.Build.0 = Debug|Any CPU
		{C0920AF0-BFC9-423C-9F12-9B23A7324F94}.Debug|x64.ActiveCfg = Debug|Any CPU
		{C0920AF0-BFC9-423C-9F12-9B23A7324F94}.Debug|x64.Build.0 = Debug|Any CPU
		{C0920AF0-BFC9-423C-9F12-9B23A7324F94}.Debug|x86.ActiveCfg = Debug|Any CPU
		{C0920AF0-BFC9-423C-9F12-9B23A7324F94}.Debug|x86.Build.0 = Debug|Any CPU
		{C0920AF0-BFC9-423C-9F12-9B23A7324F94}.Release|Any CPU.ActiveCfg = Release|Any CPU
		{C0920AF0-BFC9-423C-9F12-9B23A7324F94}.Release|Any CPU.Build.0 = Release|Any CPU
		{C0920AF0-BFC9-423C-9F12-9B23A7324F94}.Release|x64.ActiveCfg = Release|Any CPU
		{C0920AF0-BFC9-423C-9F12-9B23A7324F94}.Release|x64.Build.0 = Release|Any CPU
		{C0920AF0-BFC9-423C-9F12-9B23A7324F94}.Release|x86.ActiveCfg = Release|Any CPU
		{C0920AF0-BFC9-423C-9F12-9B23A7324F94}.Release|x86.Build.0 = Release|Any CPU
	EndGlobalSection
	GlobalSection(SolutionProperties) = preSolution
		HideSolutionNode = FALSE
	EndGlobalSection
EndGlobal
